{
  "nodes": {
    "devshell": {
      "locked": {
        "lastModified": 1634850494,
        "narHash": "sha256-8bD1CgAJovKjb88I9F/Lxa2Q9VdZBEJYX5rUqHHbaP4=",
        "owner": "numtide",
        "repo": "devshell",
        "rev": "d36e4ba27668f1620a5adebf5e0c724213a0f157",
        "type": "github"
      },
      "original": {
        "owner": "numtide",
        "repo": "devshell",
        "type": "github"
      }
    },
    "devshell_2": {
      "locked": {
        "lastModified": 1613310953,
        "narHash": "sha256-GhAwxJ0Jfsj8LIQmEQylpVkcThUJgPChjo48DZeBQZA=",
        "owner": "numtide",
        "repo": "devshell",
        "rev": "f64db97388dda7c2c6f8fb7aa5d6d08365fb1e01",
        "type": "github"
      },
      "original": {
        "owner": "numtide",
        "repo": "devshell",
        "type": "github"
      }
    },
    "emacs-overlay": {
      "locked": {
        "lastModified": 1635154104,
        "narHash": "sha256-Ptu8u4Lfh80EwQX7vvlJtqUfFP9iYomzq8q5zvCBYnI=",
        "owner": "nix-community",
        "repo": "emacs-overlay",
        "rev": "8f1fe25dcf689f0e62063f9d8b56d436cb27a519",
        "type": "github"
      },
      "original": {
        "owner": "nix-community",
        "repo": "emacs-overlay",
        "type": "github"
      }
    },
    "flake-utils": {
      "locked": {
        "lastModified": 1634851050,
        "narHash": "sha256-N83GlSGPJJdcqhUxSCS/WwW5pksYf3VP1M13cDRTSVA=",
        "owner": "numtide",
        "repo": "flake-utils",
        "rev": "c91f3de5adaf1de973b797ef7485e441a65b8935",
        "type": "github"
      },
      "original": {
        "owner": "numtide",
        "repo": "flake-utils",
        "type": "github"
      }
    },
    "flake-utils_2": {
      "locked": {
        "lastModified": 1623875721,
        "narHash": "sha256-A8BU7bjS5GirpAUv4QA+QnJ4CceLHkcXdRp4xITDB0s=",
        "owner": "numtide",
        "repo": "flake-utils",
        "rev": "f7e004a55b120c02ecb6219596820fcd32ca8772",
        "type": "github"
      },
      "original": {
        "owner": "numtide",
        "repo": "flake-utils",
        "type": "github"
      }
    },
    "flake-utils_3": {
      "locked": {
        "lastModified": 1610051610,
        "narHash": "sha256-U9rPz/usA1/Aohhk7Cmc2gBrEEKRzcW4nwPWMPwja4Y=",
        "owner": "numtide",
        "repo": "flake-utils",
        "rev": "3982c9903e93927c2164caa727cd3f6a0e6d14cc",
        "type": "github"
      },
      "original": {
        "owner": "numtide",
        "repo": "flake-utils",
        "type": "github"
      }
    },
    "home-manager": {
      "inputs": {
        "nixpkgs": [
          "nixpkgs"
        ]
      },
      "locked": {
        "lastModified": 1635123562,
        "narHash": "sha256-kYuwQqHXDYxy5ijpm8SvCoPNx0br1TpoWeTIOEwOYvA=",
        "owner": "nix-community",
        "repo": "home-manager",
        "rev": "da8a78eec9f7adb57f9e961d1da64805efacff37",
        "type": "github"
      },
      "original": {
        "owner": "nix-community",
        "ref": "master",
        "repo": "home-manager",
        "type": "github"
      }
    },
    "naersk": {
      "inputs": {
        "nixpkgs": [
          "treefmt",
          "nixpkgs"
        ]
      },
      "locked": {
        "lastModified": 1612192764,
        "narHash": "sha256-7EnLtZQWP6511G1ZPA7FmJlqAr3hWsAYb24tvTvJ/ec=",
        "owner": "nmattia",
        "repo": "naersk",
        "rev": "6e149bfd726a8ebefa415f2d713ba6d942435abd",
        "type": "github"
      },
      "original": {
        "owner": "nmattia",
        "repo": "naersk",
        "type": "github"
      }
    },
    "nixos-hardware": {
      "locked": {
        "lastModified": 1633793047,
        "narHash": "sha256-XSMlHMVPKwcEqyHGdFj/ZeGMeZeKNwVExOfLlxcg4oE=",
        "owner": "nixos",
        "repo": "nixos-hardware",
        "rev": "3aabf78bfcae62f5f99474f2ebbbe418f1c6e54f",
        "type": "github"
      },
      "original": {
        "owner": "nixos",
        "repo": "nixos-hardware",
        "type": "github"
      }
    },
    "nixpkgs": {
      "locked": {
        "lastModified": 1634782485,
        "narHash": "sha256-psfh4OQSokGXG0lpq3zKFbhOo3QfoeudRcaUnwMRkQo=",
        "owner": "nixos",
        "repo": "nixpkgs",
        "rev": "34ad3ffe08adfca17fcb4e4a47bb5f3b113687be",
        "type": "github"
      },
      "original": {
        "owner": "nixos",
        "ref": "nixos-unstable",
        "repo": "nixpkgs",
        "type": "github"
      }
    },
    "nixpkgs_2": {
      "locked": {
        "lastModified": 1628186154,
        "narHash": "sha256-r2d0wvywFnL9z4iptztdFMhaUIAaGzrSs7kSok0PgmE=",
        "owner": "NixOS",
        "repo": "nixpkgs",
        "rev": "06552b72346632b6943c8032e57e702ea12413bf",
        "type": "github"
      },
      "original": {
        "owner": "NixOS",
        "repo": "nixpkgs",
        "type": "github"
      }
    },
    "nixpkgs_3": {
      "locked": {
        "lastModified": 1613418107,
        "narHash": "sha256-UVG9gUzg9vZfmyLvz9pNUk1qxUWxHCZJWUULjlgxFTk=",
        "owner": "NixOS",
        "repo": "nixpkgs",
        "rev": "69d5df6303374e52f56eb57fa0ed38793ed03718",
        "type": "github"
      },
      "original": {
        "id": "nixpkgs",
        "type": "indirect"
      }
    },
    "root": {
      "inputs": {
        "devshell": "devshell",
        "emacs-overlay": "emacs-overlay",
        "flake-utils": "flake-utils",
        "home-manager": "home-manager",
        "nixos-hardware": "nixos-hardware",
        "nixpkgs": "nixpkgs",
        "rust-overlay": "rust-overlay",
        "stable": "stable",
        "treefmt": "treefmt"
      }
    },
    "rust-overlay": {
      "inputs": {
        "flake-utils": "flake-utils_2",
        "nixpkgs": "nixpkgs_2"
      },
      "locked": {
        "lastModified": 1635128221,
        "narHash": "sha256-6433FI4YuG/CUccoVQQ4Rd70K9cKOy1+NwoENRXeP+U=",
        "owner": "oxalica",
        "repo": "rust-overlay",
        "rev": "f977b1f50d54e80b8efdc516b62a4e3c7987e012",
        "type": "github"
      },
      "original": {
        "owner": "oxalica",
        "repo": "rust-overlay",
        "type": "github"
      }
    },
    "stable": {
      "locked": {
        "lastModified": 1632408697,
        "narHash": "sha256-JqTfu361AwFmV0WszXLAjfukqGxBbHRopRgdp9A2w8s=",
        "owner": "nixos",
        "repo": "nixpkgs",
        "rev": "a13824fe5e38187fbc75cd598b5c06bdcc13501f",
        "type": "github"
      },
      "original": {
        "owner": "nixos",
        "ref": "nixos-20.09",
        "repo": "nixpkgs",
        "type": "github"
      }
    },
    "treefmt": {
      "inputs": {
        "devshell": "devshell_2",
        "flake-utils": "flake-utils_3",
        "naersk": "naersk",
        "nixpkgs": "nixpkgs_3"
      },
      "locked": {
        "lastModified": 1633875944,
        "narHash": "sha256-mwb/yQJJGf6Gwa/BWWQQbfRx/0LQNivAR1iS1aL1dzE=",
        "owner": "numtide",
        "repo": "treefmt",
        "rev": "70990b3924cb19ab090e23854811913d0d7c1864",
        "type": "github"
      },
      "original": {
        "owner": "numtide",
        "repo": "treefmt",
        "type": "github"
      }
    }
  },
  "root": "root",
  "version": 7
}
