{
  "nodes": {
    "devshell": {
      "locked": {
        "lastModified": 1625086391,
        "narHash": "sha256-IpNPv1v8s4L3CoxhwcgZIitGpcrnNgnj09X7TA0QV3k=",
        "owner": "numtide",
        "repo": "devshell",
        "rev": "4b5ac7cf7d9a1cc60b965bb51b59922f2210cbc7",
        "type": "github"
      },
      "original": {
        "owner": "numtide",
        "repo": "devshell",
        "type": "github"
      }
    },
    "devshell_2": {
      "locked": {
        "lastModified": 1613310953,
        "narHash": "sha256-GhAwxJ0Jfsj8LIQmEQylpVkcThUJgPChjo48DZeBQZA=",
        "owner": "numtide",
        "repo": "devshell",
        "rev": "f64db97388dda7c2c6f8fb7aa5d6d08365fb1e01",
        "type": "github"
      },
      "original": {
        "owner": "numtide",
        "repo": "devshell",
        "type": "github"
      }
    },
    "emacs-overlay": {
      "locked": {
        "lastModified": 1628932644,
        "narHash": "sha256-R1xgH/vADxJ8P3MhPDF6LF6q3+LhfAaaagZhciY2aHo=",
        "owner": "nix-community",
        "repo": "emacs-overlay",
        "rev": "8931da7b6c36bd2f6bce1190302e48d9dec26a80",
        "type": "github"
      },
      "original": {
        "owner": "nix-community",
        "repo": "emacs-overlay",
        "type": "github"
      }
    },
    "flake-utils": {
      "locked": {
        "lastModified": 1623875721,
        "narHash": "sha256-A8BU7bjS5GirpAUv4QA+QnJ4CceLHkcXdRp4xITDB0s=",
        "owner": "numtide",
        "repo": "flake-utils",
        "rev": "f7e004a55b120c02ecb6219596820fcd32ca8772",
        "type": "github"
      },
      "original": {
        "owner": "numtide",
        "repo": "flake-utils",
        "type": "github"
      }
    },
    "flake-utils_2": {
      "locked": {
        "lastModified": 1610051610,
        "narHash": "sha256-U9rPz/usA1/Aohhk7Cmc2gBrEEKRzcW4nwPWMPwja4Y=",
        "owner": "numtide",
        "repo": "flake-utils",
        "rev": "3982c9903e93927c2164caa727cd3f6a0e6d14cc",
        "type": "github"
      },
      "original": {
        "owner": "numtide",
        "repo": "flake-utils",
        "type": "github"
      }
    },
    "home-manager": {
      "inputs": {
        "nixpkgs": [
          "nixpkgs"
        ]
      },
      "locked": {
        "lastModified": 1628837533,
        "narHash": "sha256-SQ+3ma51/vkJrk2ISiW1zVqcsQq+dqgUDkus6V5SxrU=",
        "owner": "nix-community",
        "repo": "home-manager",
        "rev": "a965b097b1e0c3bcf22f39413afd1ec6cc1f5335",
        "type": "github"
      },
      "original": {
        "owner": "nix-community",
        "ref": "master",
        "repo": "home-manager",
        "type": "github"
      }
    },
    "naersk": {
      "inputs": {
        "nixpkgs": [
          "nixpkgs"
        ]
      },
      "locked": {
        "lastModified": 1612192764,
        "narHash": "sha256-7EnLtZQWP6511G1ZPA7FmJlqAr3hWsAYb24tvTvJ/ec=",
        "owner": "nmattia",
        "repo": "naersk",
        "rev": "6e149bfd726a8ebefa415f2d713ba6d942435abd",
        "type": "github"
      },
      "original": {
        "owner": "nmattia",
        "repo": "naersk",
        "type": "github"
      }
    },
    "nixos-hardware": {
      "locked": {
        "lastModified": 1628440507,
        "narHash": "sha256-xXnG0f3fuuCbBpiVuzsIOd59AMgTGNE0/tAhMV+oEHY=",
        "owner": "nixos",
        "repo": "nixos-hardware",
        "rev": "7da029f26849f8696ac49652312c9171bf9eb170",
        "type": "github"
      },
      "original": {
        "owner": "nixos",
        "repo": "nixos-hardware",
        "type": "github"
      }
    },
    "nixpkgs": {
      "locked": {
        "lastModified": 1628779307,
        "narHash": "sha256-ErivbgE5SGvNdFpq+Q50lw1JGGmvxBR/d71aW41S+1A=",
        "owner": "nixos",
        "repo": "nixpkgs",
        "rev": "4138cbd913fad85073e59007710e3f083d0eb7c6",
        "type": "github"
      },
      "original": {
        "owner": "nixos",
        "ref": "nixos-unstable",
        "repo": "nixpkgs",
        "type": "github"
      }
    },
    "nixpkgs_2": {
      "locked": {
        "lastModified": 1613418107,
        "narHash": "sha256-UVG9gUzg9vZfmyLvz9pNUk1qxUWxHCZJWUULjlgxFTk=",
        "owner": "NixOS",
        "repo": "nixpkgs",
        "rev": "69d5df6303374e52f56eb57fa0ed38793ed03718",
        "type": "github"
      },
      "original": {
        "id": "nixpkgs",
        "type": "indirect"
      }
    },
    "root": {
      "inputs": {
        "devshell": "devshell",
        "emacs-overlay": "emacs-overlay",
        "flake-utils": "flake-utils",
        "home-manager": "home-manager",
        "nixos-hardware": "nixos-hardware",
        "nixpkgs": "nixpkgs",
        "stable": "stable",
        "treefmt": "treefmt"
      }
    },
    "stable": {
      "locked": {
        "lastModified": 1625876282,
        "narHash": "sha256-z/Gv+11Uzdv3HcQCY+xGi1+iuc3rmCaPzxxDSMnuRAI=",
        "owner": "nixos",
        "repo": "nixpkgs",
        "rev": "068984c00e0d4e54b6684d98f6ac47c92dcb642e",
        "type": "github"
      },
      "original": {
        "owner": "nixos",
        "ref": "nixos-20.09",
        "repo": "nixpkgs",
        "type": "github"
      }
    },
    "treefmt": {
      "inputs": {
        "devshell": "devshell_2",
        "flake-utils": "flake-utils_2",
        "naersk": "naersk",
        "nixpkgs": "nixpkgs_2"
      },
      "locked": {
        "lastModified": 1628074937,
        "narHash": "sha256-poFPitKD/XPbSmN8w1UQJlBnBPc0u5MC1tS01+QqoMg=",
        "owner": "numtide",
        "repo": "treefmt",
        "rev": "f212b0ab7e3ea8bce5a9e4dc626ccec4eac83648",
        "type": "github"
      },
      "original": {
        "owner": "numtide",
        "repo": "treefmt",
        "type": "github"
      }
    }
  },
  "root": "root",
  "version": 7
}
